// !$*UTF8*$!
{
	archiveVersion = 1;
	classes = {
	};
	objectVersion = 46;
	objects = {

/* Begin PBXBuildFile section */
		8437BD021C9E8F39003A22DF /* main.c in Sources */ = {isa = PBXBuildFile; fileRef = 8437BD011C9E8F39003A22DF /* main.c */; };
		8437BD0A1C9E8F73003A22DF /* Functions.c in Sources */ = {isa = PBXBuildFile; fileRef = 8437BD081C9E8F73003A22DF /* Functions.c */; };
/* End PBXBuildFile section */

/* Begin PBXCopyFilesBuildPhase section */
		8437BCFC1C9E8F39003A22DF /* CopyFiles */ = {
			isa = PBXCopyFilesBuildPhase;
			buildActionMask = 2147483647;
			dstPath = /usr/share/man/man1/;
			dstSubfolderSpec = 0;
			files = (
			);
			runOnlyForDeploymentPostprocessing = 1;
		};
/* End PBXCopyFilesBuildPhase section */

/* Begin PBXFileReference section */
		8437BCFE1C9E8F39003A22DF /* Tung Shing for Coder */ = {isa = PBXFileReference; explicitFileType = "compiled.mach-o.executable"; includeInIndex = 0; path = "Tung Shing for Coder"; sourceTree = BUILT_PRODUCTS_DIR; };
		8437BD011C9E8F39003A22DF /* main.c */ = {isa = PBXFileReference; lastKnownFileType = sourcecode.c.c; path = main.c; sourceTree = "<group>"; };
		8437BD081C9E8F73003A22DF /* Functions.c */ = {isa = PBXFileReference; fileEncoding = 4; lastKnownFileType = sourcecode.c.c; path = Functions.c; sourceTree = "<group>"; };
		8437BD091C9E8F73003A22DF /* Functions.h */ = {isa = PBXFileReference; fileEncoding = 4; lastKnownFileType = sourcecode.c.h; path = Functions.h; sourceTree = "<group>"; };
		8437BD0B1C9E8F95003A22DF /* Structures.h */ = {isa = PBXFileReference; lastKnownFileType = sourcecode.c.h; path = Structures.h; sourceTree = "<group>"; };
/* End PBXFileReference section */

/* Begin PBXFrameworksBuildPhase section */
		8437BCFB1C9E8F39003A22DF /* Frameworks */ = {
			isa = PBXFrameworksBuildPhase;
			buildActionMask = 2147483647;
			files = (
			);
			runOnlyForDeploymentPostprocessing = 0;
		};
/* End PBXFrameworksBuildPhase section */

/* Begin PBXGroup section */
		8437BCF51C9E8F39003A22DF = {
			isa = PBXGroup;
			children = (
				8437BD001C9E8F39003A22DF /* Tung Shing for Coder */,
				8437BCFF1C9E8F39003A22DF /* Products */,
			);
			sourceTree = "<group>";
		};
		8437BCFF1C9E8F39003A22DF /* Products */ = {
			isa = PBXGroup;
			children = (
				8437BCFE1C9E8F39003A22DF /* Tung Shing for Coder */,
			);
			name = Products;
			sourceTree = "<group>";
		};
		8437BD001C9E8F39003A22DF /* Tung Shing for Coder */ = {
			isa = PBXGroup;
			children = (
				8437BD011C9E8F39003A22DF /* main.c */,
				8437BD081C9E8F73003A22DF /* Functions.c */,
				8437BD091C9E8F73003A22DF /* Functions.h */,
				8437BD0B1C9E8F95003A22DF /* Structures.h */,
			);
			path = "Tung Shing for Coder";
			sourceTree = "<group>";
		};
/* End PBXGroup section */

/* Begin PBXNativeTarget section */
		8437BCFD1C9E8F39003A22DF /* Tung Shing for Coder */ = {
			isa = PBXNativeTarget;
			buildConfigurationList = 8437BD051C9E8F39003A22DF /* Build configuration list for PBXNativeTarget "Tung Shing for Coder" */;
			buildPhases = (
				8437BCFA1C9E8F39003A22DF /* Sources */,
				8437BCFB1C9E8F39003A22DF /* Frameworks */,
				8437BCFC1C9E8F39003A22DF /* CopyFiles */,
			);
			buildRules = (
			);
			dependencies = (
			);
			name = "Tung Shing for Coder";
			productName = "Tung Shing for Coder";
			productReference = 8437BCFE1C9E8F39003A22DF /* Tung Shing for Coder */;
			productType = "com.apple.product-type.tool";
		};
/* End PBXNativeTarget section */

/* Begin PBXProject section */
		8437BCF61C9E8F39003A22DF /* Project object */ = {
			isa = PBXProject;
			attributes = {
				LastUpgradeCheck = 0720;
				ORGANIZATIONNAME = Lucka;
				TargetAttributes = {
					8437BCFD1C9E8F39003A22DF = {
						CreatedOnToolsVersion = 7.2.1;
					};
				};
			};
			buildConfigurationList = 8437BCF91C9E8F39003A22DF /* Build configuration list for PBXProject "Tung Shing for Coder" */;
			compatibilityVersion = "Xcode 3.2";
			developmentRegion = English;
			hasScannedForEncodings = 0;
			knownRegions = (
				en,
			);
			mainGroup = 8437BCF51C9E8F39003A22DF;
			productRefGroup = 8437BCFF1C9E8F39003A22DF /* Products */;
			projectDirPath = "";
			projectRoot = "";
			targets = (
				8437BCFD1C9E8F39003A22DF /* Tung Shing for Coder */,
			);
		};
/* End PBXProject section */

/* Begin PBXSourcesBuildPhase section */
		8437BCFA1C9E8F39003A22DF /* Sources */ = {
			isa = PBXSourcesBuildPhase;
			buildActionMask = 2147483647;
			files = (
				8437BD021C9E8F39003A22DF /* main.c in Sources */,
				8437BD0A1C9E8F73003A22DF /* Functions.c in Sources */,
			);
			runOnlyForDeploymentPostprocessing = 0;
		};
/* End PBXSourcesBuildPhase section */

/* Begin XCBuildConfiguration section */
		8437BD031C9E8F39003A22DF /* Debug */ = {
			isa = XCBuildConfiguration;
			buildSettings = {
				ALWAYS_SEARCH_USER_PATHS = NO;
				CLANG_CXX_LANGUAGE_STANDARD = "gnu++0x";
				CLANG_CXX_LIBRARY = "libc++";
				CLANG_ENABLE_MODULES = YES;
				CLANG_ENABLE_OBJC_ARC = YES;
				CLANG_WARN_BOOL_CONVERSION = YES;
				CLANG_WARN_CONSTANT_CONVERSION = YES;
				CLANG_WARN_DIRECT_OBJC_ISA_USAGE = YES_ERROR;
				CLANG_WARN_EMPTY_BODY = YES;
				CLANG_WARN_ENUM_CONVERSION = YES;
				CLANG_WARN_INT_CONVERSION = YES;
				CLANG_WARN_OBJC_ROOT_CLASS = YES_ERROR;
				CLANG_WARN_UNREACHABLE_CODE = YES;
				CLANG_WARN__DUPLICATE_METHOD_MATCH = YES;
				CODE_SIGN_IDENTITY = "-";
				COPY_PHASE_STRIP = NO;
				DEBUG_INFORMATION_FORMAT = dwarf;
				ENABLE_STRICT_OBJC_MSGSEND = YES;
				ENABLE_TESTABILITY = YES;
				GCC_C_LANGUAGE_STANDARD = gnu99;
				GCC_DYNAMIC_NO_PIC = NO;
				GCC_NO_COMMON_BLOCKS = YES;
				GCC_OPTIMIZATION_LEVEL = 0;
				GCC_PREPROCESSOR_DEFINITIONS = (
					"DEBUG=1",
					"$(inherited)",
				);
				GCC_WARN_64_TO_32_BIT_CONVERSION = YES;
				GCC_WARN_ABOUT_RETURN_TYPE = YES_ERROR;
				GCC_WARN_UNDECLARED_SELECTOR = YES;
				GCC_WARN_UNINITIALIZED_AUTOS = YES_AGGRESSIVE;
				GCC_WARN_UNUSED_FUNCTION = YES;
				GCC_WARN_UNUSED_VARIABLE = YES;
				MACOSX_DEPLOYMENT_TARGET = 10.11;
				MTL_ENABLE_DEBUG_INFO = YES;
				ONLY_ACTIVE_ARCH = YES;
				SDKROOT = macosx;
			};
			name = Debug;
		};
		8437BD041C9E8F39003A22DF /* Release */ = {
			isa = XCBuildConfiguration;
			buildSettings = {
				ALWAYS_SEARCH_USER_PATHS = NO;
				CLANG_CXX_LANGUAGE_STANDARD = "gnu++0x";
				CLANG_CXX_LIBRARY = "libc++";
				CLANG_ENABLE_MODULES = YES;
				CLANG_ENABLE_OBJC_ARC = YES;
				CLANG_WARN_BOOL_CONVERSION = YES;
				CLANG_WARN_CONSTANT_CONVERSION = YES;
				CLANG_WARN_DIRECT_OBJC_ISA_USAGE = YES_ERROR;
				CLANG_WARN_EMPTY_BODY = YES;
				CLANG_WARN_ENUM_CONVERSION = YES;
				CLANG_WARN_INT_CONVERSION = YES;
				CLANG_WARN_OBJC_ROOT_CLASS = YES_ERROR;
				CLANG_WARN_UNREACHABLE_CODE = YES;
				CLANG_WARN__DUPLICATE_METHOD_MATCH = YES;
				CODE_SIGN_IDENTITY = "-";
				COPY_PHASE_STRIP = NO;
				DEBUG_INFORMATION_FORMAT = "dwarf-with-dsym";
				ENABLE_NS_ASSERTIONS = NO;
				ENABLE_STRICT_OBJC_MSGSEND = YES;
				GCC_C_LANGUAGE_STANDARD = gnu99;
				GCC_NO_COMMON_BLOCKS = YES;
				GCC_WARN_64_TO_32_BIT_CONVERSION = YES;
				GCC_WARN_ABOUT_RETURN_TYPE = YES_ERROR;
				GCC_WARN_UNDECLARED_SELECTOR = YES;
				GCC_WARN_UNINITIALIZED_AUTOS = YES_AGGRESSIVE;
				GCC_WARN_UNUSED_FUNCTION = YES;
				GCC_WARN_UNUSED_VARIABLE = YES;
				MACOSX_DEPLOYMENT_TARGET = 10.11;
				MTL_ENABLE_DEBUG_INFO = NO;
				SDKROOT = macosx;
			};
			name = Release;
		};
		8437BD061C9E8F39003A22DF /* Debug */ = {
			isa = XCBuildConfiguration;
			buildSettings = {
				PRODUCT_NAME = "$(TARGET_NAME)";
			};
			name = Debug;
		};
		8437BD071C9E8F39003A22DF /* Release */ = {
			isa = XCBuildConfiguration;
			buildSettings = {
				PRODUCT_NAME = "$(TARGET_NAME)";
			};
			name = Release;
		};
/* End XCBuildConfiguration section */

/* Begin XCConfigurationList section */
		8437BCF91C9E8F39003A22DF /* Build configuration list for PBXProject "Tung Shing for Coder" */ = {
			isa = XCConfigurationList;
			buildConfigurations = (
				8437BD031C9E8F39003A22DF /* Debug */,
				8437BD041C9E8F39003A22DF /* Release */,
			);
			defaultConfigurationIsVisible = 0;
			defaultConfigurationName = Release;
		};
		8437BD051C9E8F39003A22DF /* Build configuration list for PBXNativeTarget "Tung Shing for Coder" */ = {
			isa = XCConfigurationList;
			buildConfigurations = (
				8437BD061C9E8F39003A22DF /* Debug */,
				8437BD071C9E8F39003A22DF /* Release */,
			);
			defaultConfigurationIsVisible = 0;
			defaultConfigurationName = Release;
		};
/* End XCConfigurationList section */
	};
	rootObject = 8437BCF61C9E8F39003A22DF /* Project object */;
}
